
Microsoft Visual Studio Solution File, Format Version 12.00
# Visual Studio Version 17
VisualStudioVersion = 17.1.32210.238
MinimumVisualStudioVersion = 10.0.40219.1
Project("{FAE04EC0-301F-11D3-BF4B-00C04F79EFBC}") = "LSTMTimeSeriesDemo", "LSTMTimeSeriesDemo\LSTMTimeSeriesDemo.csproj", "{66B7C27E-05C6-4C93-AF73-67549BCF79C7}"
EndProject
Project("{FAE04EC0-301F-11D3-BF4B-00C04F79EFBC}") = "NeuralNetwork.Base", "NeuralNetwork.Base\NeuralNetwork.Base.csproj", "{B5F33E19-84BE-4F73-A4CA-C4D63039906F}"
EndProject
Project("{FAE04EC0-301F-11D3-BF4B-00C04F79EFBC}") = "SharpML.Types", "SharpML.Types\SharpML.Types.csproj", "{2C004EEF-C37F-4057-889C-9E20318D7E5A}"
EndProject
Project("{FAE04EC0-301F-11D3-BF4B-00C04F79EFBC}") = "VIXAL2.Data", "VIXAL2.Data\VIXAL2.Data.csproj", "{5276D76D-DB76-4E23-A0B6-E8FFF569FE32}"
EndProject
Project("{FAE04EC0-301F-11D3-BF4B-00C04F79EFBC}") = "VIXAL2.UnitTest", "VIXAL2.UnitTest\VIXAL2.UnitTest.csproj", "{C27D23E2-A353-4209-9A99-52004E978A04}"
EndProject
Global
	GlobalSection(SolutionConfigurationPlatforms) = preSolution
		Debug|Any CPU = Debug|Any CPU
		Debug|x64 = Debug|x64
		Release|Any CPU = Release|Any CPU
		Release|x64 = Release|x64
	EndGlobalSection
	GlobalSection(ProjectConfigurationPlatforms) = postSolution
		{66B7C27E-05C6-4C93-AF73-67549BCF79C7}.Debug|Any CPU.ActiveCfg = Debug|Any CPU
		{66B7C27E-05C6-4C93-AF73-67549BCF79C7}.Debug|Any CPU.Build.0 = Debug|Any CPU
		{66B7C27E-05C6-4C93-AF73-67549BCF79C7}.Debug|x64.ActiveCfg = Debug|x64
		{66B7C27E-05C6-4C93-AF73-67549BCF79C7}.Debug|x64.Build.0 = Debug|x64
		{66B7C27E-05C6-4C93-AF73-67549BCF79C7}.Release|Any CPU.ActiveCfg = Release|Any CPU
		{66B7C27E-05C6-4C93-AF73-67549BCF79C7}.Release|Any CPU.Build.0 = Release|Any CPU
		{66B7C27E-05C6-4C93-AF73-67549BCF79C7}.Release|x64.ActiveCfg = Release|Any CPU
		{66B7C27E-05C6-4C93-AF73-67549BCF79C7}.Release|x64.Build.0 = Release|Any CPU
		{B5F33E19-84BE-4F73-A4CA-C4D63039906F}.Debug|Any CPU.ActiveCfg = Debug|Any CPU
		{B5F33E19-84BE-4F73-A4CA-C4D63039906F}.Debug|Any CPU.Build.0 = Debug|Any CPU
		{B5F33E19-84BE-4F73-A4CA-C4D63039906F}.Debug|x64.ActiveCfg = Debug|Any CPU
		{B5F33E19-84BE-4F73-A4CA-C4D63039906F}.Debug|x64.Build.0 = Debug|Any CPU
		{B5F33E19-84BE-4F73-A4CA-C4D63039906F}.Release|Any CPU.ActiveCfg = Release|Any CPU
		{B5F33E19-84BE-4F73-A4CA-C4D63039906F}.Release|Any CPU.Build.0 = Release|Any CPU
		{B5F33E19-84BE-4F73-A4CA-C4D63039906F}.Release|x64.ActiveCfg = Release|Any CPU
		{B5F33E19-84BE-4F73-A4CA-C4D63039906F}.Release|x64.Build.0 = Release|Any CPU
		{2C004EEF-C37F-4057-889C-9E20318D7E5A}.Debug|Any CPU.ActiveCfg = Debug|Any CPU
		{2C004EEF-C37F-4057-889C-9E20318D7E5A}.Debug|Any CPU.Build.0 = Debug|Any CPU
		{2C004EEF-C37F-4057-889C-9E20318D7E5A}.Debug|x64.ActiveCfg = Debug|x64
		{2C004EEF-C37F-4057-889C-9E20318D7E5A}.Debug|x64.Build.0 = Debug|x64
		{2C004EEF-C37F-4057-889C-9E20318D7E5A}.Release|Any CPU.ActiveCfg = Release|Any CPU
		{2C004EEF-C37F-4057-889C-9E20318D7E5A}.Release|Any CPU.Build.0 = Release|Any CPU
		{2C004EEF-C37F-4057-889C-9E20318D7E5A}.Release|x64.ActiveCfg = Release|x64
		{2C004EEF-C37F-4057-889C-9E20318D7E5A}.Release|x64.Build.0 = Release|x64
		{5276D76D-DB76-4E23-A0B6-E8FFF569FE32}.Debug|Any CPU.ActiveCfg = Debug|Any CPU
		{5276D76D-DB76-4E23-A0B6-E8FFF569FE32}.Debug|Any CPU.Build.0 = Debug|Any CPU
		{5276D76D-DB76-4E23-A0B6-E8FFF569FE32}.Debug|x64.ActiveCfg = Debug|Any CPU
		{5276D76D-DB76-4E23-A0B6-E8FFF569FE32}.Debug|x64.Build.0 = Debug|Any CPU
		{5276D76D-DB76-4E23-A0B6-E8FFF569FE32}.Release|Any CPU.ActiveCfg = Release|Any CPU
		{5276D76D-DB76-4E23-A0B6-E8FFF569FE32}.Release|Any CPU.Build.0 = Release|Any CPU
		{5276D76D-DB76-4E23-A0B6-E8FFF569FE32}.Release|x64.ActiveCfg = Release|Any CPU
		{5276D76D-DB76-4E23-A0B6-E8FFF569FE32}.Release|x64.Build.0 = Release|Any CPU
		{C27D23E2-A353-4209-9A99-52004E978A04}.Debug|Any CPU.ActiveCfg = Debug|Any CPU
		{C27D23E2-A353-4209-9A99-52004E978A04}.Debug|Any CPU.Build.0 = Debug|Any CPU
		{C27D23E2-A353-4209-9A99-52004E978A04}.Debug|x64.ActiveCfg = Debug|Any CPU
		{C27D23E2-A353-4209-9A99-52004E978A04}.Debug|x64.Build.0 = Debug|Any CPU
		{C27D23E2-A353-4209-9A99-52004E978A04}.Release|Any CPU.ActiveCfg = Release|Any CPU
		{C27D23E2-A353-4209-9A99-52004E978A04}.Release|Any CPU.Build.0 = Release|Any CPU
		{C27D23E2-A353-4209-9A99-52004E978A04}.Release|x64.ActiveCfg = Release|Any CPU
		{C27D23E2-A353-4209-9A99-52004E978A04}.Release|x64.Build.0 = Release|Any CPU
	EndGlobalSection
	GlobalSection(SolutionProperties) = preSolution
		HideSolutionNode = FALSE
	EndGlobalSection
	GlobalSection(ExtensibilityGlobals) = postSolution
		SolutionGuid = {2D9ED475-CA77-4825-9C3D-AEEAB7ADC7CB}
	EndGlobalSection
EndGlobal
